
Microsoft Visual Studio Solution File, Format Version 12.00
# Visual Studio Version 16
VisualStudioVersion = 16.0.30717.126
MinimumVisualStudioVersion = 10.0.40219.1
Project("{FAE04EC0-301F-11D3-BF4B-00C04F79EFBC}") = "WinformLoader", "WinformLoader.csproj", "{13E76A9F-FBD7-48A7-BB0F-D61DC0284B3A}"
EndProject
Global
	GlobalSection(SolutionConfigurationPlatforms) = preSolution
		Debug|Any CPU = Debug|Any CPU
		Release|Any CPU = Release|Any CPU
	EndGlobalSection
	GlobalSection(ProjectConfigurationPlatforms) = postSolution
		{13E76A9F-FBD7-48A7-BB0F-D61DC0284B3A}.Debug|Any CPU.ActiveCfg = Debug|Any CPU
		{13E76A9F-FBD7-48A7-BB0F-D61DC0284B3A}.Debug|Any CPU.Build.0 = Debug|Any CPU
		{13E76A9F-FBD7-48A7-BB0F-D61DC0284B3A}.Release|Any CPU.ActiveCfg = Release|Any CPU
		{13E76A9F-FBD7-48A7-BB0F-D61DC0284B3A}.Release|Any CPU.Build.0 = Release|Any CPU
	EndGlobalSection
	GlobalSection(SolutionProperties) = preSolution
		HideSolutionNode = FALSE
	EndGlobalSection
	GlobalSection(ExtensibilityGlobals) = postSolution
		SolutionGuid = {4A931EFE-1C7A-47D4-A67E-6047415F8FED}
	EndGlobalSection
EndGlobal
