
Microsoft Visual Studio Solution File, Format Version 12.00
# Visual Studio Version 16
VisualStudioVersion = 16.0.29709.97
MinimumVisualStudioVersion = 10.0.40219.1
Project("{FAE04EC0-301F-11D3-BF4B-00C04F79EFBC}") = "Loader", "Loader.csproj", "{31F3AC92-CD6F-4F65-A93C-0162FAD41FA6}"
EndProject
Global
	GlobalSection(SolutionConfigurationPlatforms) = preSolution
		Debug|Any CPU = Debug|Any CPU
		Release|Any CPU = Release|Any CPU
	EndGlobalSection
	GlobalSection(ProjectConfigurationPlatforms) = postSolution
		{31F3AC92-CD6F-4F65-A93C-0162FAD41FA6}.Debug|Any CPU.ActiveCfg = Debug|Any CPU
		{31F3AC92-CD6F-4F65-A93C-0162FAD41FA6}.Debug|Any CPU.Build.0 = Debug|Any CPU
		{31F3AC92-CD6F-4F65-A93C-0162FAD41FA6}.Release|Any CPU.ActiveCfg = Release|Any CPU
		{31F3AC92-CD6F-4F65-A93C-0162FAD41FA6}.Release|Any CPU.Build.0 = Release|Any CPU
	EndGlobalSection
	GlobalSection(SolutionProperties) = preSolution
		HideSolutionNode = FALSE
	EndGlobalSection
	GlobalSection(ExtensibilityGlobals) = postSolution
		SolutionGuid = {860AB0D3-FAA1-41DE-8E92-43275EEEB66F}
	EndGlobalSection
EndGlobal
